{
  "name": "leaflet01",
  "version": "1.0.0",
  "lockfileVersion": 1,
  "requires": true,
  "dependencies": {
    "leaflet": {
      "version": "1.6.0",
      "resolved": "https://registry.npmjs.org/leaflet/-/leaflet-1.6.0.tgz",
      "integrity": "sha512-CPkhyqWUKZKFJ6K8umN5/D2wrJ2+/8UIpXppY7QDnUZW5bZL5+SEI2J7GBpwh4LIupOKqbNSQXgqmrEJopHVNQ=="
    },
    "leaflet-kml": {
      "version": "1.0.1",
      "resolved": "https://registry.npmjs.org/leaflet-kml/-/leaflet-kml-1.0.1.tgz",
      "integrity": "sha512-9eL2gb+3aGpzM1YMqX864JYdKmd6Rzdg1KX/lu0dVfZOJtqA44YFh2VS6BFcY6LDnBdnKX0U+88DtPM5s65u5Q=="
    }
  }
}
